// !$*UTF8*$!
{
	archiveVersion = 1;
	classes = {
	};
	objectVersion = 50;
	objects = {

/* Begin PBXBuildFile section */
		82C7B3C2219B84180013ADB5 /* LSPlanetCollectionViewController.m in Sources */ = {isa = PBXBuildFile; fileRef = 82C7B3C1219B84180013ADB5 /* LSPlanetCollectionViewController.m */; };
		82C7B3C6219B84320013ADB5 /* LSPlanetCollectionViewCell.m in Sources */ = {isa = PBXBuildFile; fileRef = 82C7B3C5219B84320013ADB5 /* LSPlanetCollectionViewCell.m */; };
		82C7B3CA219B844B0013ADB5 /* LSSettingsViewController.m in Sources */ = {isa = PBXBuildFile; fileRef = 82C7B3C9219B844B0013ADB5 /* LSSettingsViewController.m */; };
		82CC081B219B7FDC008B78C7 /* AppDelegate.m in Sources */ = {isa = PBXBuildFile; fileRef = 82CC081A219B7FDC008B78C7 /* AppDelegate.m */; };
		82CC0821219B7FDC008B78C7 /* Main.storyboard in Resources */ = {isa = PBXBuildFile; fileRef = 82CC081F219B7FDC008B78C7 /* Main.storyboard */; };
		82CC0823219B7FDD008B78C7 /* Assets.xcassets in Resources */ = {isa = PBXBuildFile; fileRef = 82CC0822219B7FDD008B78C7 /* Assets.xcassets */; };
		82CC0826219B7FDD008B78C7 /* LaunchScreen.storyboard in Resources */ = {isa = PBXBuildFile; fileRef = 82CC0824219B7FDD008B78C7 /* LaunchScreen.storyboard */; };
		82CC0829219B7FDD008B78C7 /* main.m in Sources */ = {isa = PBXBuildFile; fileRef = 82CC0828219B7FDD008B78C7 /* main.m */; };
		82CC0832219B8025008B78C7 /* LSPlanet.m in Sources */ = {isa = PBXBuildFile; fileRef = 82CC0831219B8025008B78C7 /* LSPlanet.m */; };
		82CC0836219B81A6008B78C7 /* LSPlanetController.m in Sources */ = {isa = PBXBuildFile; fileRef = 82CC0835219B81A6008B78C7 /* LSPlanetController.m */; };
/* End PBXBuildFile section */

/* Begin PBXFileReference section */
		82C7B3C0219B84180013ADB5 /* LSPlanetCollectionViewController.h */ = {isa = PBXFileReference; lastKnownFileType = sourcecode.c.h; path = LSPlanetCollectionViewController.h; sourceTree = "<group>"; };
		82C7B3C1219B84180013ADB5 /* LSPlanetCollectionViewController.m */ = {isa = PBXFileReference; lastKnownFileType = sourcecode.c.objc; path = LSPlanetCollectionViewController.m; sourceTree = "<group>"; };
		82C7B3C4219B84320013ADB5 /* LSPlanetCollectionViewCell.h */ = {isa = PBXFileReference; lastKnownFileType = sourcecode.c.h; path = LSPlanetCollectionViewCell.h; sourceTree = "<group>"; };
		82C7B3C5219B84320013ADB5 /* LSPlanetCollectionViewCell.m */ = {isa = PBXFileReference; lastKnownFileType = sourcecode.c.objc; path = LSPlanetCollectionViewCell.m; sourceTree = "<group>"; };
		82C7B3C8219B844B0013ADB5 /* LSSettingsViewController.h */ = {isa = PBXFileReference; lastKnownFileType = sourcecode.c.h; path = LSSettingsViewController.h; sourceTree = "<group>"; };
		82C7B3C9219B844B0013ADB5 /* LSSettingsViewController.m */ = {isa = PBXFileReference; lastKnownFileType = sourcecode.c.objc; path = LSSettingsViewController.m; sourceTree = "<group>"; };
		82CC0816219B7FDC008B78C7 /* Planets Objc2.app */ = {isa = PBXFileReference; explicitFileType = wrapper.application; includeInIndex = 0; path = "Planets Objc2.app"; sourceTree = BUILT_PRODUCTS_DIR; };
		82CC0819219B7FDC008B78C7 /* AppDelegate.h */ = {isa = PBXFileReference; lastKnownFileType = sourcecode.c.h; path = AppDelegate.h; sourceTree = "<group>"; };
		82CC081A219B7FDC008B78C7 /* AppDelegate.m */ = {isa = PBXFileReference; lastKnownFileType = sourcecode.c.objc; path = AppDelegate.m; sourceTree = "<group>"; };
		82CC0820219B7FDC008B78C7 /* Base */ = {isa = PBXFileReference; lastKnownFileType = file.storyboard; name = Base; path = Base.lproj/Main.storyboard; sourceTree = "<group>"; };
		82CC0822219B7FDD008B78C7 /* Assets.xcassets */ = {isa = PBXFileReference; lastKnownFileType = folder.assetcatalog; path = Assets.xcassets; sourceTree = "<group>"; };
		82CC0825219B7FDD008B78C7 /* Base */ = {isa = PBXFileReference; lastKnownFileType = file.storyboard; name = Base; path = Base.lproj/LaunchScreen.storyboard; sourceTree = "<group>"; };
		82CC0827219B7FDD008B78C7 /* Info.plist */ = {isa = PBXFileReference; lastKnownFileType = text.plist.xml; path = Info.plist; sourceTree = "<group>"; };
		82CC0828219B7FDD008B78C7 /* main.m */ = {isa = PBXFileReference; lastKnownFileType = sourcecode.c.objc; path = main.m; sourceTree = "<group>"; };
		82CC0830219B8025008B78C7 /* LSPlanet.h */ = {isa = PBXFileReference; lastKnownFileType = sourcecode.c.h; path = LSPlanet.h; sourceTree = "<group>"; };
		82CC0831219B8025008B78C7 /* LSPlanet.m */ = {isa = PBXFileReference; lastKnownFileType = sourcecode.c.objc; path = LSPlanet.m; sourceTree = "<group>"; };
		82CC0834219B81A6008B78C7 /* LSPlanetController.h */ = {isa = PBXFileReference; lastKnownFileType = sourcecode.c.h; path = LSPlanetController.h; sourceTree = "<group>"; };
		82CC0835219B81A6008B78C7 /* LSPlanetController.m */ = {isa = PBXFileReference; lastKnownFileType = sourcecode.c.objc; path = LSPlanetController.m; sourceTree = "<group>"; };
/* End PBXFileReference section */

/* Begin PBXFrameworksBuildPhase section */
		82CC0813219B7FDC008B78C7 /* Frameworks */ = {
			isa = PBXFrameworksBuildPhase;
			buildActionMask = 2147483647;
			files = (
			);
			runOnlyForDeploymentPostprocessing = 0;
		};
/* End PBXFrameworksBuildPhase section */

/* Begin PBXGroup section */
		82C7B3C3219B841B0013ADB5 /* View Controller */ = {
			isa = PBXGroup;
			children = (
				82C7B3C0219B84180013ADB5 /* LSPlanetCollectionViewController.h */,
				82C7B3C1219B84180013ADB5 /* LSPlanetCollectionViewController.m */,
				82C7B3C8219B844B0013ADB5 /* LSSettingsViewController.h */,
				82C7B3C9219B844B0013ADB5 /* LSSettingsViewController.m */,
			);
			path = "View Controller";
			sourceTree = "<group>";
		};
		82C7B3C7219B84350013ADB5 /* View */ = {
			isa = PBXGroup;
			children = (
				82C7B3C4219B84320013ADB5 /* LSPlanetCollectionViewCell.h */,
				82C7B3C5219B84320013ADB5 /* LSPlanetCollectionViewCell.m */,
			);
			path = View;
			sourceTree = "<group>";
		};
		82CC080D219B7FDC008B78C7 = {
			isa = PBXGroup;
			children = (
				82CC0818219B7FDC008B78C7 /* Planets Objc2 */,
				82CC082F219B7FE8008B78C7 /* Resources */,
				82CC0817219B7FDC008B78C7 /* Products */,
			);
			sourceTree = "<group>";
		};
		82CC0817219B7FDC008B78C7 /* Products */ = {
			isa = PBXGroup;
			children = (
				82CC0816219B7FDC008B78C7 /* Planets Objc2.app */,
			);
			name = Products;
			sourceTree = "<group>";
		};
		82CC0818219B7FDC008B78C7 /* Planets Objc2 */ = {
			isa = PBXGroup;
			children = (
				82CC0833219B8028008B78C7 /* Model */,
				82CC0837219B81AA008B78C7 /* Model Controller */,
				82C7B3C7219B84350013ADB5 /* View */,
				82C7B3C3219B841B0013ADB5 /* View Controller */,
				82CC0838219B8329008B78C7 /* Storyboard */,
			);
			path = "Planets Objc2";
			sourceTree = "<group>";
		};
		82CC082F219B7FE8008B78C7 /* Resources */ = {
			isa = PBXGroup;
			children = (
				82CC0819219B7FDC008B78C7 /* AppDelegate.h */,
				82CC081A219B7FDC008B78C7 /* AppDelegate.m */,
				82CC0822219B7FDD008B78C7 /* Assets.xcassets */,
				82CC0827219B7FDD008B78C7 /* Info.plist */,
				82CC0828219B7FDD008B78C7 /* main.m */,
			);
			path = Resources;
			sourceTree = "<group>";
		};
		82CC0833219B8028008B78C7 /* Model */ = {
			isa = PBXGroup;
			children = (
				82CC0830219B8025008B78C7 /* LSPlanet.h */,
				82CC0831219B8025008B78C7 /* LSPlanet.m */,
			);
			path = Model;
			sourceTree = "<group>";
		};
		82CC0837219B81AA008B78C7 /* Model Controller */ = {
			isa = PBXGroup;
			children = (
				82CC0834219B81A6008B78C7 /* LSPlanetController.h */,
				82CC0835219B81A6008B78C7 /* LSPlanetController.m */,
			);
			path = "Model Controller";
			sourceTree = "<group>";
		};
		82CC0838219B8329008B78C7 /* Storyboard */ = {
			isa = PBXGroup;
			children = (
				82CC081F219B7FDC008B78C7 /* Main.storyboard */,
				82CC0824219B7FDD008B78C7 /* LaunchScreen.storyboard */,
			);
			path = Storyboard;
			sourceTree = "<group>";
		};
/* End PBXGroup section */

/* Begin PBXNativeTarget section */
		82CC0815219B7FDC008B78C7 /* Planets Objc2 */ = {
			isa = PBXNativeTarget;
			buildConfigurationList = 82CC082C219B7FDD008B78C7 /* Build configuration list for PBXNativeTarget "Planets Objc2" */;
			buildPhases = (
				82CC0812219B7FDC008B78C7 /* Sources */,
				82CC0813219B7FDC008B78C7 /* Frameworks */,
				82CC0814219B7FDC008B78C7 /* Resources */,
			);
			buildRules = (
			);
			dependencies = (
			);
			name = "Planets Objc2";
			productName = "Planets Objc2";
			productReference = 82CC0816219B7FDC008B78C7 /* Planets Objc2.app */;
			productType = "com.apple.product-type.application";
		};
/* End PBXNativeTarget section */

/* Begin PBXProject section */
		82CC080E219B7FDC008B78C7 /* Project object */ = {
			isa = PBXProject;
			attributes = {
				LastUpgradeCheck = 1010;
				ORGANIZATIONNAME = "Lambda School";
				TargetAttributes = {
					82CC0815219B7FDC008B78C7 = {
						CreatedOnToolsVersion = 10.1;
					};
				};
			};
			buildConfigurationList = 82CC0811219B7FDC008B78C7 /* Build configuration list for PBXProject "Planets Objc2" */;
			compatibilityVersion = "Xcode 9.3";
			developmentRegion = en;
			hasScannedForEncodings = 0;
			knownRegions = (
				en,
				Base,
			);
			mainGroup = 82CC080D219B7FDC008B78C7;
			productRefGroup = 82CC0817219B7FDC008B78C7 /* Products */;
			projectDirPath = "";
			projectRoot = "";
			targets = (
				82CC0815219B7FDC008B78C7 /* Planets Objc2 */,
			);
		};
/* End PBXProject section */

/* Begin PBXResourcesBuildPhase section */
		82CC0814219B7FDC008B78C7 /* Resources */ = {
			isa = PBXResourcesBuildPhase;
			buildActionMask = 2147483647;
			files = (
				82CC0826219B7FDD008B78C7 /* LaunchScreen.storyboard in Resources */,
				82CC0823219B7FDD008B78C7 /* Assets.xcassets in Resources */,
				82CC0821219B7FDC008B78C7 /* Main.storyboard in Resources */,
			);
			runOnlyForDeploymentPostprocessing = 0;
		};
/* End PBXResourcesBuildPhase section */

/* Begin PBXSourcesBuildPhase section */
		82CC0812219B7FDC008B78C7 /* Sources */ = {
			isa = PBXSourcesBuildPhase;
			buildActionMask = 2147483647;
			files = (
				82CC0829219B7FDD008B78C7 /* main.m in Sources */,
				82CC0832219B8025008B78C7 /* LSPlanet.m in Sources */,
				82C7B3C2219B84180013ADB5 /* LSPlanetCollectionViewController.m in Sources */,
				82CC0836219B81A6008B78C7 /* LSPlanetController.m in Sources */,
				82C7B3CA219B844B0013ADB5 /* LSSettingsViewController.m in Sources */,
				82CC081B219B7FDC008B78C7 /* AppDelegate.m in Sources */,
				82C7B3C6219B84320013ADB5 /* LSPlanetCollectionViewCell.m in Sources */,
			);
			runOnlyForDeploymentPostprocessing = 0;
		};
/* End PBXSourcesBuildPhase section */

/* Begin PBXVariantGroup section */
		82CC081F219B7FDC008B78C7 /* Main.storyboard */ = {
			isa = PBXVariantGroup;
			children = (
				82CC0820219B7FDC008B78C7 /* Base */,
			);
			name = Main.storyboard;
			sourceTree = "<group>";
		};
		82CC0824219B7FDD008B78C7 /* LaunchScreen.storyboard */ = {
			isa = PBXVariantGroup;
			children = (
				82CC0825219B7FDD008B78C7 /* Base */,
			);
			name = LaunchScreen.storyboard;
			sourceTree = "<group>";
		};
/* End PBXVariantGroup section */

/* Begin XCBuildConfiguration section */
		82CC082A219B7FDD008B78C7 /* Debug */ = {
			isa = XCBuildConfiguration;
			buildSettings = {
				ALWAYS_SEARCH_USER_PATHS = NO;
				CLANG_ANALYZER_NONNULL = YES;
				CLANG_ANALYZER_NUMBER_OBJECT_CONVERSION = YES_AGGRESSIVE;
				CLANG_CXX_LANGUAGE_STANDARD = "gnu++14";
				CLANG_CXX_LIBRARY = "libc++";
				CLANG_ENABLE_MODULES = YES;
				CLANG_ENABLE_OBJC_ARC = YES;
				CLANG_ENABLE_OBJC_WEAK = YES;
				CLANG_WARN_BLOCK_CAPTURE_AUTORELEASING = YES;
				CLANG_WARN_BOOL_CONVERSION = YES;
				CLANG_WARN_COMMA = YES;
				CLANG_WARN_CONSTANT_CONVERSION = YES;
				CLANG_WARN_DEPRECATED_OBJC_IMPLEMENTATIONS = YES;
				CLANG_WARN_DIRECT_OBJC_ISA_USAGE = YES_ERROR;
				CLANG_WARN_DOCUMENTATION_COMMENTS = YES;
				CLANG_WARN_EMPTY_BODY = YES;
				CLANG_WARN_ENUM_CONVERSION = YES;
				CLANG_WARN_INFINITE_RECURSION = YES;
				CLANG_WARN_INT_CONVERSION = YES;
				CLANG_WARN_NON_LITERAL_NULL_CONVERSION = YES;
				CLANG_WARN_OBJC_IMPLICIT_RETAIN_SELF = YES;
				CLANG_WARN_OBJC_LITERAL_CONVERSION = YES;
				CLANG_WARN_OBJC_ROOT_CLASS = YES_ERROR;
				CLANG_WARN_RANGE_LOOP_ANALYSIS = YES;
				CLANG_WARN_STRICT_PROTOTYPES = YES;
				CLANG_WARN_SUSPICIOUS_MOVE = YES;
				CLANG_WARN_UNGUARDED_AVAILABILITY = YES_AGGRESSIVE;
				CLANG_WARN_UNREACHABLE_CODE = YES;
				CLANG_WARN__DUPLICATE_METHOD_MATCH = YES;
				CODE_SIGN_IDENTITY = "iPhone Developer";
				COPY_PHASE_STRIP = NO;
				DEBUG_INFORMATION_FORMAT = dwarf;
				ENABLE_STRICT_OBJC_MSGSEND = YES;
				ENABLE_TESTABILITY = YES;
				GCC_C_LANGUAGE_STANDARD = gnu11;
				GCC_DYNAMIC_NO_PIC = NO;
				GCC_NO_COMMON_BLOCKS = YES;
				GCC_OPTIMIZATION_LEVEL = 0;
				GCC_PREPROCESSOR_DEFINITIONS = (
					"DEBUG=1",
					"$(inherited)",
				);
				GCC_WARN_64_TO_32_BIT_CONVERSION = YES;
				GCC_WARN_ABOUT_RETURN_TYPE = YES_ERROR;
				GCC_WARN_UNDECLARED_SELECTOR = YES;
				GCC_WARN_UNINITIALIZED_AUTOS = YES_AGGRESSIVE;
				GCC_WARN_UNUSED_FUNCTION = YES;
				GCC_WARN_UNUSED_VARIABLE = YES;
				IPHONEOS_DEPLOYMENT_TARGET = 12.1;
				MTL_ENABLE_DEBUG_INFO = INCLUDE_SOURCE;
				MTL_FAST_MATH = YES;
				ONLY_ACTIVE_ARCH = YES;
				SDKROOT = iphoneos;
			};
			name = Debug;
		};
		82CC082B219B7FDD008B78C7 /* Release */ = {
			isa = XCBuildConfiguration;
			buildSettings = {
				ALWAYS_SEARCH_USER_PATHS = NO;
				CLANG_ANALYZER_NONNULL = YES;
				CLANG_ANALYZER_NUMBER_OBJECT_CONVERSION = YES_AGGRESSIVE;
				CLANG_CXX_LANGUAGE_STANDARD = "gnu++14";
				CLANG_CXX_LIBRARY = "libc++";
				CLANG_ENABLE_MODULES = YES;
				CLANG_ENABLE_OBJC_ARC = YES;
				CLANG_ENABLE_OBJC_WEAK = YES;
				CLANG_WARN_BLOCK_CAPTURE_AUTORELEASING = YES;
				CLANG_WARN_BOOL_CONVERSION = YES;
				CLANG_WARN_COMMA = YES;
				CLANG_WARN_CONSTANT_CONVERSION = YES;
				CLANG_WARN_DEPRECATED_OBJC_IMPLEMENTATIONS = YES;
				CLANG_WARN_DIRECT_OBJC_ISA_USAGE = YES_ERROR;
				CLANG_WARN_DOCUMENTATION_COMMENTS = YES;
				CLANG_WARN_EMPTY_BODY = YES;
				CLANG_WARN_ENUM_CONVERSION = YES;
				CLANG_WARN_INFINITE_RECURSION = YES;
				CLANG_WARN_INT_CONVERSION = YES;
				CLANG_WARN_NON_LITERAL_NULL_CONVERSION = YES;
				CLANG_WARN_OBJC_IMPLICIT_RETAIN_SELF = YES;
				CLANG_WARN_OBJC_LITERAL_CONVERSION = YES;
				CLANG_WARN_OBJC_ROOT_CLASS = YES_ERROR;
				CLANG_WARN_RANGE_LOOP_ANALYSIS = YES;
				CLANG_WARN_STRICT_PROTOTYPES = YES;
				CLANG_WARN_SUSPICIOUS_MOVE = YES;
				CLANG_WARN_UNGUARDED_AVAILABILITY = YES_AGGRESSIVE;
				CLANG_WARN_UNREACHABLE_CODE = YES;
				CLANG_WARN__DUPLICATE_METHOD_MATCH = YES;
				CODE_SIGN_IDENTITY = "iPhone Developer";
				COPY_PHASE_STRIP = NO;
				DEBUG_INFORMATION_FORMAT = "dwarf-with-dsym";
				ENABLE_NS_ASSERTIONS = NO;
				ENABLE_STRICT_OBJC_MSGSEND = YES;
				GCC_C_LANGUAGE_STANDARD = gnu11;
				GCC_NO_COMMON_BLOCKS = YES;
				GCC_WARN_64_TO_32_BIT_CONVERSION = YES;
				GCC_WARN_ABOUT_RETURN_TYPE = YES_ERROR;
				GCC_WARN_UNDECLARED_SELECTOR = YES;
				GCC_WARN_UNINITIALIZED_AUTOS = YES_AGGRESSIVE;
				GCC_WARN_UNUSED_FUNCTION = YES;
				GCC_WARN_UNUSED_VARIABLE = YES;
				IPHONEOS_DEPLOYMENT_TARGET = 12.1;
				MTL_ENABLE_DEBUG_INFO = NO;
				MTL_FAST_MATH = YES;
				SDKROOT = iphoneos;
				VALIDATE_PRODUCT = YES;
			};
			name = Release;
		};
		82CC082D219B7FDD008B78C7 /* Debug */ = {
			isa = XCBuildConfiguration;
			buildSettings = {
				ASSETCATALOG_COMPILER_APPICON_NAME = AppIcon;
				CODE_SIGN_STYLE = Automatic;
				INFOPLIST_FILE = "$(SRCROOT)/Resources/Info.plist";
				LD_RUNPATH_SEARCH_PATHS = (
					"$(inherited)",
					"@executable_path/Frameworks",
				);
				PRODUCT_BUNDLE_IDENTIFIER = "com.lambdaschool.Planets-Objc2";
				PRODUCT_NAME = "$(TARGET_NAME)";
				TARGETED_DEVICE_FAMILY = "1,2";
			};
			name = Debug;
		};
		82CC082E219B7FDD008B78C7 /* Release */ = {
			isa = XCBuildConfiguration;
			buildSettings = {
				ASSETCATALOG_COMPILER_APPICON_NAME = AppIcon;
				CODE_SIGN_STYLE = Automatic;
				INFOPLIST_FILE = "$(SRCROOT)/Resources/Info.plist";
				LD_RUNPATH_SEARCH_PATHS = (
					"$(inherited)",
					"@executable_path/Frameworks",
				);
				PRODUCT_BUNDLE_IDENTIFIER = "com.lambdaschool.Planets-Objc2";
				PRODUCT_NAME = "$(TARGET_NAME)";
				TARGETED_DEVICE_FAMILY = "1,2";
			};
			name = Release;
		};
/* End XCBuildConfiguration section */

/* Begin XCConfigurationList section */
		82CC0811219B7FDC008B78C7 /* Build configuration list for PBXProject "Planets Objc2" */ = {
			isa = XCConfigurationList;
			buildConfigurations = (
				82CC082A219B7FDD008B78C7 /* Debug */,
				82CC082B219B7FDD008B78C7 /* Release */,
			);
			defaultConfigurationIsVisible = 0;
			defaultConfigurationName = Release;
		};
		82CC082C219B7FDD008B78C7 /* Build configuration list for PBXNativeTarget "Planets Objc2" */ = {
			isa = XCConfigurationList;
			buildConfigurations = (
				82CC082D219B7FDD008B78C7 /* Debug */,
				82CC082E219B7FDD008B78C7 /* Release */,
			);
			defaultConfigurationIsVisible = 0;
			defaultConfigurationName = Release;
		};
/* End XCConfigurationList section */
	};
	rootObject = 82CC080E219B7FDC008B78C7 /* Project object */;
}
